# This file is automatically @generated by Poetry 1.5.1 and should not be changed by hand.

[[package]]
name = "aiokafka"
version = "0.7.2"
description = "Kafka integration with asyncio."
optional = false
python-versions = "*"
files = [
    {file = "aiokafka-0.7.2-cp36-cp36m-macosx_10_9_x86_64.whl", hash = "sha256:b19f077e12fe23e359f7a7dca9baf8532c63f4c8149703ce4c56de372d17e26c"},
    {file = "aiokafka-0.7.2-cp36-cp36m-manylinux_2_12_i686.manylinux2010_i686.whl", hash = "sha256:d801bb2f5a4ae726a433ae74a5d34e7e0d44128de53c9c7eea5cb4cdaaf80175"},
    {file = "aiokafka-0.7.2-cp36-cp36m-manylinux_2_12_x86_64.manylinux2010_x86_64.whl", hash = "sha256:3b1f1e9ad66883ed809d737d57edfb13f1aeb9b08c6fd6b71afefce712c13dad"},
    {file = "aiokafka-0.7.2-cp36-cp36m-win32.whl", hash = "sha256:383cc7d45b47676fea60dbedee747c5c08dde5c10b1be0afc6598fb21a7891b4"},
    {file = "aiokafka-0.7.2-cp36-cp36m-win_amd64.whl", hash = "sha256:ce23baeaacf501f619967067d2c0d4c2b2b761012f9f9c8a49593e96c7550aff"},
    {file = "aiokafka-0.7.2-cp37-cp37m-macosx_10_9_x86_64.whl", hash = "sha256:c96824cef1a480fd2ab4bbd9e9aa737c9191211bab5f7787ef401926d5fda95d"},
    {file = "aiokafka-0.7.2-cp37-cp37m-manylinux_2_12_i686.manylinux2010_i686.whl", hash = "sha256:34eda0b6eb794c36f4100be772f3b120a3c00daaf342f593f32994a762aed7e8"},
    {file = "aiokafka-0.7.2-cp37-cp37m-manylinux_2_12_x86_64.manylinux2010_x86_64.whl", hash = "sha256:e6e78206e5d031e6644d3a46153a146d2d2afff4cf9da9a81edb9f8714114b62"},
    {file = "aiokafka-0.7.2-cp37-cp37m-win32.whl", hash = "sha256:ebbb258840f134bad0e6ca8681a87cd292a1f4ed7253a821c16b4e9f2610a04a"},
    {file = "aiokafka-0.7.2-cp37-cp37m-win_amd64.whl", hash = "sha256:16731e8aa0fc70dc35c31041599c9a5237dd5d2c1a4d04af58f30a942191a281"},
    {file = "aiokafka-0.7.2-cp38-cp38-macosx_10_9_x86_64.whl", hash = "sha256:1a9b6ecb606062b3595bc5104b85b42b62621a86d179b75d708279041152f461"},
    {file = "aiokafka-0.7.2-cp38-cp38-manylinux_2_12_i686.manylinux2010_i686.whl", hash = "sha256:cda55f5cfb19ea7d2f55a51d320a57312f152dab3e333fa1fbfcdde7a9e25a53"},
    {file = "aiokafka-0.7.2-cp38-cp38-manylinux_2_12_x86_64.manylinux2010_x86_64.whl", hash = "sha256:7d56627c3250ba2359dfa90f2c8a3ab995795e0116038905b2f8a608cd1fd606"},
    {file = "aiokafka-0.7.2-cp38-cp38-win32.whl", hash = "sha256:be43d7ddd700d501a6f4c59c859baa9888c2d086b69882f542951bae41234f6a"},
    {file = "aiokafka-0.7.2-cp38-cp38-win_amd64.whl", hash = "sha256:594d2a29875f78d56251141ff95a982c5be64844dc9ae619c285f36c57a08c6e"},
    {file = "aiokafka-0.7.2-cp39-cp39-macosx_10_9_x86_64.whl", hash = "sha256:5371bd663f545ced555775e7e49f39a54b243435098a9699582bb3b32884e332"},
    {file = "aiokafka-0.7.2-cp39-cp39-manylinux_2_12_i686.manylinux2010_i686.whl", hash = "sha256:b1958277eaa702509591c0674790a8c9aced8fef7723dafae0f9aec6d2da71a5"},
    {file = "aiokafka-0.7.2-cp39-cp39-manylinux_2_12_x86_64.manylinux2010_x86_64.whl", hash = "sha256:7fe02a3868236d84356d5fa7c7625ed3a27e52699477c5ee8bd5dc9b5adb592f"},
    {file = "aiokafka-0.7.2-cp39-cp39-win32.whl", hash = "sha256:a3bfe4ad7d3829a98c8391a9a28f179b47df4f66e26ea5b1c665f872b6e21809"},
    {file = "aiokafka-0.7.2-cp39-cp39-win_amd64.whl", hash = "sha256:6116b68ca975caafd7efd338ffdaec63789e1c334af6174e20edc1d16d14e463"},
    {file = "aiokafka-0.7.2.tar.gz", hash = "sha256:a8fc41d18731d8879483aecb93ae7ebf5457f63daf4c8923ddc046792c2c3096"},
]

[package.dependencies]
dataclasses = {version = ">=0.5", markers = "python_version < \"3.7\""}
kafka-python = ">=2.0.0"

[package.extras]
snappy = ["python-snappy (>=0.5)"]

[[package]]
name = "asgiref"
version = "3.4.1"
description = "ASGI specs, helper code, and adapters"
optional = false
python-versions = ">=3.6"
files = [
    {file = "asgiref-3.4.1-py3-none-any.whl", hash = "sha256:ffc141aa908e6f175673e7b1b3b7af4fdb0ecb738fc5c8b88f69f055c2415214"},
    {file = "asgiref-3.4.1.tar.gz", hash = "sha256:4ef1ab46b484e3c706329cedeff284a5d40824200638503f5768edb6de7d58e9"},
]

[package.dependencies]
typing-extensions = {version = "*", markers = "python_version < \"3.8\""}

[package.extras]
tests = ["mypy (>=0.800)", "pytest", "pytest-asyncio"]

[[package]]
name = "click"
version = "8.0.4"
description = "Composable command line interface toolkit"
optional = false
python-versions = ">=3.6"
files = [
    {file = "click-8.0.4-py3-none-any.whl", hash = "sha256:6a7a62563bbfabfda3a38f3023a1db4a35978c0abd76f6c9605ecd6554d6d9b1"},
    {file = "click-8.0.4.tar.gz", hash = "sha256:8458d7b1287c5fb128c90e23381cf99dcde74beaf6c7ff6384ce84d6fe090adb"},
]

[package.dependencies]
colorama = {version = "*", markers = "platform_system == \"Windows\""}
importlib-metadata = {version = "*", markers = "python_version < \"3.8\""}

[[package]]
name = "colorama"
version = "0.4.5"
description = "Cross-platform colored terminal text."
optional = false
python-versions = ">=2.7, !=3.0.*, !=3.1.*, !=3.2.*, !=3.3.*, !=3.4.*"
files = [
    {file = "colorama-0.4.5-py2.py3-none-any.whl", hash = "sha256:854bf444933e37f5824ae7bfc1e98d5bce2ebe4160d46b5edf346a89358e99da"},
    {file = "colorama-0.4.5.tar.gz", hash = "sha256:e6c6b4334fc50988a639d9b98aa429a0b57da6e17b9a44f0451f930b6967b7a4"},
]

[[package]]
name = "dataclasses"
version = "0.8"
description = "A backport of the dataclasses module for Python 3.6"
optional = false
python-versions = ">=3.6, <3.7"
files = [
    {file = "dataclasses-0.8-py3-none-any.whl", hash = "sha256:0201d89fa866f68c8ebd9d08ee6ff50c0b255f8ec63a71c16fda7af82bb887bf"},
    {file = "dataclasses-0.8.tar.gz", hash = "sha256:8479067f342acf957dc82ec415d355ab5edb7e7646b90dc6e2fd1d96ad084c97"},
]

[[package]]
name = "fastapi"
version = "0.68.2"
description = "FastAPI framework, high performance, easy to learn, fast to code, ready for production"
optional = false
python-versions = ">=3.6.1"
files = [
    {file = "fastapi-0.68.2-py3-none-any.whl", hash = "sha256:36bcdd3dbea87c586061005e4a40b9bd0145afd766655b4e0ec1d8870b32555c"},
    {file = "fastapi-0.68.2.tar.gz", hash = "sha256:38526fc46bda73f7ec92033952677323c16061e70a91d15c95f18b11895da494"},
]

[package.dependencies]
pydantic = ">=1.6.2,<1.7 || >1.7,<1.7.1 || >1.7.1,<1.7.2 || >1.7.2,<1.7.3 || >1.7.3,<1.8 || >1.8,<1.8.1 || >1.8.1,<2.0.0"
starlette = "0.14.2"

[package.extras]
all = ["aiofiles (>=0.5.0,<0.8.0)", "async_exit_stack (>=1.0.1,<2.0.0)", "async_generator (>=1.10,<2.0.0)", "email_validator (>=1.1.1,<2.0.0)", "graphene (>=2.1.8,<3.0.0)", "itsdangerous (>=1.1.0,<2.0.0)", "jinja2 (>=2.11.2,<3.0.0)", "orjson (>=3.2.1,<4.0.0)", "python-multipart (>=0.0.5,<0.0.6)", "pyyaml (>=5.3.1,<6.0.0)", "requests (>=2.24.0,<3.0.0)", "ujson (>=4.0.1,<5.0.0)", "uvicorn[standard] (>=0.12.0,<0.16.0)"]
dev = ["autoflake (>=1.4.0,<2.0.0)", "flake8 (>=3.8.3,<4.0.0)", "graphene (>=2.1.8,<3.0.0)", "passlib[bcrypt] (>=1.7.2,<2.0.0)", "python-jose[cryptography] (>=3.3.0,<4.0.0)", "uvicorn[standard] (>=0.12.0,<0.16.0)"]
doc = ["mdx-include (>=1.4.1,<2.0.0)", "mkdocs (>=1.1.2,<2.0.0)", "mkdocs-markdownextradata-plugin (>=0.1.7,<0.3.0)", "mkdocs-material (>=7.1.9,<8.0.0)", "pyyaml (>=5.3.1,<6.0.0)", "typer-cli (>=0.0.12,<0.0.13)"]
test = ["aiofiles (>=0.5.0,<0.8.0)", "async_exit_stack (>=1.0.1,<2.0.0)", "async_generator (>=1.10,<2.0.0)", "black (==21.9b0)", "databases[sqlite] (>=0.3.2,<0.6.0)", "email_validator (>=1.1.1,<2.0.0)", "flake8 (>=3.8.3,<4.0.0)", "flask (>=1.1.2,<2.0.0)", "httpx (>=0.14.0,<0.19.0)", "isort (>=5.0.6,<6.0.0)", "mypy (==0.910)", "orjson (>=3.2.1,<4.0.0)", "peewee (>=3.13.3,<4.0.0)", "pytest (>=6.2.4,<7.0.0)", "pytest-asyncio (>=0.14.0,<0.16.0)", "pytest-cov (>=2.12.0,<4.0.0)", "python-multipart (>=0.0.5,<0.0.6)", "requests (>=2.24.0,<3.0.0)", "sqlalchemy (>=1.3.18,<1.5.0)", "types-dataclasses (==0.1.7)", "types-orjson (==3.6.0)", "types-ujson (==0.1.1)", "ujson (>=4.0.1,<5.0.0)"]

[[package]]
name = "h11"
version = "0.13.0"
description = "A pure-Python, bring-your-own-I/O implementation of HTTP/1.1"
optional = false
python-versions = ">=3.6"
files = [
    {file = "h11-0.13.0-py3-none-any.whl", hash = "sha256:8ddd78563b633ca55346c8cd41ec0af27d3c79931828beffb46ce70a379e7442"},
    {file = "h11-0.13.0.tar.gz", hash = "sha256:70813c1135087a248a4d38cc0e1a0181ffab2188141a93eaf567940c3957ff06"},
]

[package.dependencies]
dataclasses = {version = "*", markers = "python_version < \"3.7\""}
typing-extensions = {version = "*", markers = "python_version < \"3.8\""}

[[package]]
name = "importlib-metadata"
version = "4.8.3"
description = "Read metadata from Python packages"
optional = false
python-versions = ">=3.6"
files = [
    {file = "importlib_metadata-4.8.3-py3-none-any.whl", hash = "sha256:65a9576a5b2d58ca44d133c42a241905cc45e34d2c06fd5ba2bafa221e5d7b5e"},
    {file = "importlib_metadata-4.8.3.tar.gz", hash = "sha256:766abffff765960fcc18003801f7044eb6755ffae4521c8e8ce8e83b9c9b0668"},
]

[package.dependencies]
typing-extensions = {version = ">=3.6.4", markers = "python_version < \"3.8\""}
zipp = ">=0.5"

[package.extras]
docs = ["jaraco.packaging (>=8.2)", "rst.linker (>=1.9)", "sphinx"]
perf = ["ipython"]
testing = ["flufl.flake8", "importlib-resources (>=1.3)", "packaging", "pep517", "pyfakefs", "pytest (>=6)", "pytest-black (>=0.3.7)", "pytest-checkdocs (>=2.4)", "pytest-cov", "pytest-enabler (>=1.0.1)", "pytest-flake8", "pytest-mypy", "pytest-perf (>=0.9.2)"]

[[package]]
name = "kafka-python"
version = "2.0.2"
description = "Pure Python client for Apache Kafka"
optional = false
python-versions = "*"
files = [
    {file = "kafka-python-2.0.2.tar.gz", hash = "sha256:04dfe7fea2b63726cd6f3e79a2d86e709d608d74406638c5da33a01d45a9d7e3"},
    {file = "kafka_python-2.0.2-py2.py3-none-any.whl", hash = "sha256:2d92418c7cb1c298fa6c7f0fb3519b520d0d7526ac6cb7ae2a4fc65a51a94b6e"},
]

[package.extras]
crc32c = ["crc32c"]

[[package]]
name = "pydantic"
version = "1.9.2"
description = "Data validation and settings management using python type hints"
optional = false
python-versions = ">=3.6.1"
files = [
    {file = "pydantic-1.9.2-cp310-cp310-macosx_10_9_x86_64.whl", hash = "sha256:9c9e04a6cdb7a363d7cb3ccf0efea51e0abb48e180c0d31dca8d247967d85c6e"},
    {file = "pydantic-1.9.2-cp310-cp310-macosx_11_0_arm64.whl", hash = "sha256:fafe841be1103f340a24977f61dee76172e4ae5f647ab9e7fd1e1fca51524f08"},
    {file = "pydantic-1.9.2-cp310-cp310-manylinux_2_17_x86_64.manylinux2014_x86_64.whl", hash = "sha256:afacf6d2a41ed91fc631bade88b1d319c51ab5418870802cedb590b709c5ae3c"},
    {file = "pydantic-1.9.2-cp310-cp310-manylinux_2_5_i686.manylinux1_i686.manylinux_2_17_i686.manylinux2014_i686.whl", hash = "sha256:3ee0d69b2a5b341fc7927e92cae7ddcfd95e624dfc4870b32a85568bd65e6131"},
    {file = "pydantic-1.9.2-cp310-cp310-musllinux_1_1_i686.whl", hash = "sha256:ff68fc85355532ea77559ede81f35fff79a6a5543477e168ab3a381887caea76"},
    {file = "pydantic-1.9.2-cp310-cp310-musllinux_1_1_x86_64.whl", hash = "sha256:c0f5e142ef8217019e3eef6ae1b6b55f09a7a15972958d44fbd228214cede567"},
    {file = "pydantic-1.9.2-cp310-cp310-win_amd64.whl", hash = "sha256:615661bfc37e82ac677543704437ff737418e4ea04bef9cf11c6d27346606044"},
    {file = "pydantic-1.9.2-cp36-cp36m-macosx_10_9_x86_64.whl", hash = "sha256:328558c9f2eed77bd8fffad3cef39dbbe3edc7044517f4625a769d45d4cf7555"},
    {file = "pydantic-1.9.2-cp36-cp36m-manylinux_2_17_x86_64.manylinux2014_x86_64.whl", hash = "sha256:2bd446bdb7755c3a94e56d7bdfd3ee92396070efa8ef3a34fab9579fe6aa1d84"},
    {file = "pydantic-1.9.2-cp36-cp36m-manylinux_2_5_i686.manylinux1_i686.manylinux_2_17_i686.manylinux2014_i686.whl", hash = "sha256:e0b214e57623a535936005797567231a12d0da0c29711eb3514bc2b3cd008d0f"},
    {file = "pydantic-1.9.2-cp36-cp36m-musllinux_1_1_i686.whl", hash = "sha256:d8ce3fb0841763a89322ea0432f1f59a2d3feae07a63ea2c958b2315e1ae8adb"},
    {file = "pydantic-1.9.2-cp36-cp36m-musllinux_1_1_x86_64.whl", hash = "sha256:b34ba24f3e2d0b39b43f0ca62008f7ba962cff51efa56e64ee25c4af6eed987b"},
    {file = "pydantic-1.9.2-cp36-cp36m-win_amd64.whl", hash = "sha256:84d76ecc908d917f4684b354a39fd885d69dd0491be175f3465fe4b59811c001"},
    {file = "pydantic-1.9.2-cp37-cp37m-macosx_10_9_x86_64.whl", hash = "sha256:4de71c718c9756d679420c69f216776c2e977459f77e8f679a4a961dc7304a56"},
    {file = "pydantic-1.9.2-cp37-cp37m-manylinux_2_17_x86_64.manylinux2014_x86_64.whl", hash = "sha256:5803ad846cdd1ed0d97eb00292b870c29c1f03732a010e66908ff48a762f20e4"},
    {file = "pydantic-1.9.2-cp37-cp37m-manylinux_2_5_i686.manylinux1_i686.manylinux_2_17_i686.manylinux2014_i686.whl", hash = "sha256:a8c5360a0297a713b4123608a7909e6869e1b56d0e96eb0d792c27585d40757f"},
    {file = "pydantic-1.9.2-cp37-cp37m-musllinux_1_1_i686.whl", hash = "sha256:cdb4272678db803ddf94caa4f94f8672e9a46bae4a44f167095e4d06fec12979"},
    {file = "pydantic-1.9.2-cp37-cp37m-musllinux_1_1_x86_64.whl", hash = "sha256:19b5686387ea0d1ea52ecc4cffb71abb21702c5e5b2ac626fd4dbaa0834aa49d"},
    {file = "pydantic-1.9.2-cp37-cp37m-win_amd64.whl", hash = "sha256:32e0b4fb13ad4db4058a7c3c80e2569adbd810c25e6ca3bbd8b2a9cc2cc871d7"},
    {file = "pydantic-1.9.2-cp38-cp38-macosx_10_9_x86_64.whl", hash = "sha256:91089b2e281713f3893cd01d8e576771cd5bfdfbff5d0ed95969f47ef6d676c3"},
    {file = "pydantic-1.9.2-cp38-cp38-macosx_11_0_arm64.whl", hash = "sha256:e631c70c9280e3129f071635b81207cad85e6c08e253539467e4ead0e5b219aa"},
    {file = "pydantic-1.9.2-cp38-cp38-manylinux_2_17_x86_64.manylinux2014_x86_64.whl", hash = "sha256:4b3946f87e5cef3ba2e7bd3a4eb5a20385fe36521d6cc1ebf3c08a6697c6cfb3"},
    {file = "pydantic-1.9.2-cp38-cp38-manylinux_2_5_i686.manylinux1_i686.manylinux_2_17_i686.manylinux2014_i686.whl", hash = "sha256:5565a49effe38d51882cb7bac18bda013cdb34d80ac336428e8908f0b72499b0"},
    {file = "pydantic-1.9.2-cp38-cp38-musllinux_1_1_i686.whl", hash = "sha256:bd67cb2c2d9602ad159389c29e4ca964b86fa2f35c2faef54c3eb28b4efd36c8"},
    {file = "pydantic-1.9.2-cp38-cp38-musllinux_1_1_x86_64.whl", hash = "sha256:4aafd4e55e8ad5bd1b19572ea2df546ccace7945853832bb99422a79c70ce9b8"},
    {file = "pydantic-1.9.2-cp38-cp38-win_amd64.whl", hash = "sha256:d70916235d478404a3fa8c997b003b5f33aeac4686ac1baa767234a0f8ac2326"},
    {file = "pydantic-1.9.2-cp39-cp39-macosx_10_9_x86_64.whl", hash = "sha256:f0ca86b525264daa5f6b192f216a0d1e860b7383e3da1c65a1908f9c02f42801"},
    {file = "pydantic-1.9.2-cp39-cp39-macosx_11_0_arm64.whl", hash = "sha256:1061c6ee6204f4f5a27133126854948e3b3d51fcc16ead2e5d04378c199b2f44"},
    {file = "pydantic-1.9.2-cp39-cp39-manylinux_2_17_x86_64.manylinux2014_x86_64.whl", hash = "sha256:e78578f0c7481c850d1c969aca9a65405887003484d24f6110458fb02cca7747"},
    {file = "pydantic-1.9.2-cp39-cp39-manylinux_2_5_i686.manylinux1_i686.manylinux_2_17_i686.manylinux2014_i686.whl", hash = "sha256:5da164119602212a3fe7e3bc08911a89db4710ae51444b4224c2382fd09ad453"},
    {file = "pydantic-1.9.2-cp39-cp39-musllinux_1_1_i686.whl", hash = "sha256:7ead3cd020d526f75b4188e0a8d71c0dbbe1b4b6b5dc0ea775a93aca16256aeb"},
    {file = "pydantic-1.9.2-cp39-cp39-musllinux_1_1_x86_64.whl", hash = "sha256:7d0f183b305629765910eaad707800d2f47c6ac5bcfb8c6397abdc30b69eeb15"},
    {file = "pydantic-1.9.2-cp39-cp39-win_amd64.whl", hash = "sha256:f1a68f4f65a9ee64b6ccccb5bf7e17db07caebd2730109cb8a95863cfa9c4e55"},
    {file = "pydantic-1.9.2-py3-none-any.whl", hash = "sha256:78a4d6bdfd116a559aeec9a4cfe77dda62acc6233f8b56a716edad2651023e5e"},
    {file = "pydantic-1.9.2.tar.gz", hash = "sha256:8cb0bc509bfb71305d7a59d00163d5f9fc4530f0881ea32c74ff4f74c85f3d3d"},
]

[package.dependencies]
dataclasses = {version = ">=0.6", markers = "python_version < \"3.7\""}
typing-extensions = ">=3.7.4.3"

[package.extras]
dotenv = ["python-dotenv (>=0.10.4)"]
email = ["email-validator (>=1.0.3)"]

[[package]]
name = "starlette"
version = "0.14.2"
description = "The little ASGI library that shines."
optional = false
python-versions = ">=3.6"
files = [
    {file = "starlette-0.14.2-py3-none-any.whl", hash = "sha256:3c8e48e52736b3161e34c9f0e8153b4f32ec5d8995a3ee1d59410d92f75162ed"},
    {file = "starlette-0.14.2.tar.gz", hash = "sha256:7d49f4a27f8742262ef1470608c59ddbc66baf37c148e938c7038e6bc7a998aa"},
]

[package.extras]
full = ["aiofiles", "graphene", "itsdangerous", "jinja2", "python-multipart", "pyyaml", "requests"]

[[package]]
name = "typing-extensions"
version = "4.1.1"
description = "Backported and Experimental Type Hints for Python 3.6+"
optional = false
python-versions = ">=3.6"
files = [
    {file = "typing_extensions-4.1.1-py3-none-any.whl", hash = "sha256:21c85e0fe4b9a155d0799430b0ad741cdce7e359660ccbd8b530613e8df88ce2"},
    {file = "typing_extensions-4.1.1.tar.gz", hash = "sha256:1a9462dcc3347a79b1f1c0271fbe79e844580bb598bafa1ed208b94da3cdcd42"},
]

[[package]]
name = "uvicorn"
version = "0.15.0"
description = "The lightning-fast ASGI server."
optional = false
python-versions = "*"
files = [
    {file = "uvicorn-0.15.0-py3-none-any.whl", hash = "sha256:17f898c64c71a2640514d4089da2689e5db1ce5d4086c2d53699bf99513421c1"},
    {file = "uvicorn-0.15.0.tar.gz", hash = "sha256:d9a3c0dd1ca86728d3e235182683b4cf94cd53a867c288eaeca80ee781b2caff"},
]

[package.dependencies]
asgiref = ">=3.4.0"
click = ">=7.0"
h11 = ">=0.8"
typing-extensions = {version = "*", markers = "python_version < \"3.8\""}

[package.extras]
standard = ["PyYAML (>=5.1)", "colorama (>=0.4)", "httptools (==0.2.*)", "python-dotenv (>=0.13)", "uvloop (>=0.14.0,!=0.15.0,!=0.15.1)", "watchgod (>=0.6)", "websockets (>=9.1)"]

[[package]]
name = "zipp"
version = "3.6.0"
description = "Backport of pathlib-compatible object wrapper for zip files"
optional = false
python-versions = ">=3.6"
files = [
    {file = "zipp-3.6.0-py3-none-any.whl", hash = "sha256:9fe5ea21568a0a70e50f273397638d39b03353731e6cbbb3fd8502a33fec40bc"},
    {file = "zipp-3.6.0.tar.gz", hash = "sha256:71c644c5369f4a6e07636f0aa966270449561fcea2e3d6747b8d23efaa9d7832"},
]

[package.extras]
docs = ["jaraco.packaging (>=8.2)", "rst.linker (>=1.9)", "sphinx"]
testing = ["func-timeout", "jaraco.itertools", "pytest (>=4.6)", "pytest-black (>=0.3.7)", "pytest-checkdocs (>=2.4)", "pytest-cov", "pytest-enabler (>=1.0.1)", "pytest-flake8", "pytest-mypy"]

[metadata]
lock-version = "2.0"
python-versions = "^3.6.9"
content-hash = "27ec86b01ce435c2d067ee323dbe9e702fb5ef6649dc699afa3bb3a0746090a4"
